// !$*UTF8*$!
{
	archiveVersion = 1;
	classes = {
	};
	objectVersion = 50;
	objects = {

/* Begin PBXBuildFile section */
		6781A952238077B30062B930 /* SwiftUISearchBar.swift in Sources */ = {isa = PBXBuildFile; fileRef = 6781A951238077B30062B930 /* SwiftUISearchBar.swift */; };
		67E8DEAC2380516C00B245DC /* AppDelegate.swift in Sources */ = {isa = PBXBuildFile; fileRef = 67E8DEAB2380516C00B245DC /* AppDelegate.swift */; };
		67E8DEAE2380516C00B245DC /* SceneDelegate.swift in Sources */ = {isa = PBXBuildFile; fileRef = 67E8DEAD2380516C00B245DC /* SceneDelegate.swift */; };
		67E8DEB22380516D00B245DC /* Assets.xcassets in Resources */ = {isa = PBXBuildFile; fileRef = 67E8DEB12380516D00B245DC /* Assets.xcassets */; };
		67E8DEB52380516D00B245DC /* Preview Assets.xcassets in Resources */ = {isa = PBXBuildFile; fileRef = 67E8DEB42380516D00B245DC /* Preview Assets.xcassets */; };
		67E8DEB82380516D00B245DC /* LaunchScreen.storyboard in Resources */ = {isa = PBXBuildFile; fileRef = 67E8DEB62380516D00B245DC /* LaunchScreen.storyboard */; };
		67E8DEC1238051A300B245DC /* SwiftUITextField_.swift in Sources */ = {isa = PBXBuildFile; fileRef = 67E8DEC0238051A300B245DC /* SwiftUITextField_.swift */; };
		67E8DEC3238051BC00B245DC /* ContentView.swift in Sources */ = {isa = PBXBuildFile; fileRef = 67E8DEC2238051BC00B245DC /* ContentView.swift */; };
/* End PBXBuildFile section */

/* Begin PBXFileReference section */
		6781A951238077B30062B930 /* SwiftUISearchBar.swift */ = {isa = PBXFileReference; lastKnownFileType = sourcecode.swift; path = SwiftUISearchBar.swift; sourceTree = "<group>"; };
		67E8DEA82380516C00B245DC /* SwiftUITextFieldApp.app */ = {isa = PBXFileReference; explicitFileType = wrapper.application; includeInIndex = 0; path = SwiftUITextFieldApp.app; sourceTree = BUILT_PRODUCTS_DIR; };
		67E8DEAB2380516C00B245DC /* AppDelegate.swift */ = {isa = PBXFileReference; lastKnownFileType = sourcecode.swift; path = AppDelegate.swift; sourceTree = "<group>"; };
		67E8DEAD2380516C00B245DC /* SceneDelegate.swift */ = {isa = PBXFileReference; lastKnownFileType = sourcecode.swift; path = SceneDelegate.swift; sourceTree = "<group>"; };
		67E8DEB12380516D00B245DC /* Assets.xcassets */ = {isa = PBXFileReference; lastKnownFileType = folder.assetcatalog; path = Assets.xcassets; sourceTree = "<group>"; };
		67E8DEB42380516D00B245DC /* Preview Assets.xcassets */ = {isa = PBXFileReference; lastKnownFileType = folder.assetcatalog; path = "Preview Assets.xcassets"; sourceTree = "<group>"; };
		67E8DEB72380516D00B245DC /* Base */ = {isa = PBXFileReference; lastKnownFileType = file.storyboard; name = Base; path = Base.lproj/LaunchScreen.storyboard; sourceTree = "<group>"; };
		67E8DEB92380516D00B245DC /* Info.plist */ = {isa = PBXFileReference; lastKnownFileType = text.plist.xml; path = Info.plist; sourceTree = "<group>"; };
		67E8DEC0238051A300B245DC /* SwiftUITextField_.swift */ = {isa = PBXFileReference; fileEncoding = 4; lastKnownFileType = sourcecode.swift; path = SwiftUITextField_.swift; sourceTree = "<group>"; };
		67E8DEC2238051BC00B245DC /* ContentView.swift */ = {isa = PBXFileReference; fileEncoding = 4; lastKnownFileType = sourcecode.swift; path = ContentView.swift; sourceTree = "<group>"; };
/* End PBXFileReference section */

/* Begin PBXFrameworksBuildPhase section */
		67E8DEA52380516C00B245DC /* Frameworks */ = {
			isa = PBXFrameworksBuildPhase;
			buildActionMask = 2147483647;
			files = (
			);
			runOnlyForDeploymentPostprocessing = 0;
		};
/* End PBXFrameworksBuildPhase section */

/* Begin PBXGroup section */
		67E8DE9F2380516C00B245DC = {
			isa = PBXGroup;
			children = (
				67E8DEAA2380516C00B245DC /* SwiftUITextFieldApp */,
				67E8DEA92380516C00B245DC /* Products */,
			);
			sourceTree = "<group>";
		};
		67E8DEA92380516C00B245DC /* Products */ = {
			isa = PBXGroup;
			children = (
				67E8DEA82380516C00B245DC /* SwiftUITextFieldApp.app */,
			);
			name = Products;
			sourceTree = "<group>";
		};
		67E8DEAA2380516C00B245DC /* SwiftUITextFieldApp */ = {
			isa = PBXGroup;
			children = (
				67E8DEBF2380517E00B245DC /* Views */,
				67E8DEAB2380516C00B245DC /* AppDelegate.swift */,
				67E8DEAD2380516C00B245DC /* SceneDelegate.swift */,
				67E8DEB12380516D00B245DC /* Assets.xcassets */,
				67E8DEB62380516D00B245DC /* LaunchScreen.storyboard */,
				67E8DEB92380516D00B245DC /* Info.plist */,
				67E8DEB32380516D00B245DC /* Preview Content */,
			);
			path = SwiftUITextFieldApp;
			sourceTree = "<group>";
		};
		67E8DEB32380516D00B245DC /* Preview Content */ = {
			isa = PBXGroup;
			children = (
				67E8DEB42380516D00B245DC /* Preview Assets.xcassets */,
			);
			path = "Preview Content";
			sourceTree = "<group>";
		};
		67E8DEBF2380517E00B245DC /* Views */ = {
			isa = PBXGroup;
			children = (
				67E8DEC0238051A300B245DC /* SwiftUITextField_.swift */,
				67E8DEC2238051BC00B245DC /* ContentView.swift */,
				6781A951238077B30062B930 /* SwiftUISearchBar.swift */,
			);
			path = Views;
			sourceTree = "<group>";
		};
/* End PBXGroup section */

/* Begin PBXNativeTarget section */
		67E8DEA72380516C00B245DC /* SwiftUITextFieldApp */ = {
			isa = PBXNativeTarget;
			buildConfigurationList = 67E8DEBC2380516D00B245DC /* Build configuration list for PBXNativeTarget "SwiftUITextFieldApp" */;
			buildPhases = (
				67E8DEA42380516C00B245DC /* Sources */,
				67E8DEA52380516C00B245DC /* Frameworks */,
				67E8DEA62380516C00B245DC /* Resources */,
			);
			buildRules = (
			);
			dependencies = (
			);
			name = SwiftUITextFieldApp;
			productName = SwiftUITextFieldApp;
			productReference = 67E8DEA82380516C00B245DC /* SwiftUITextFieldApp.app */;
			productType = "com.apple.product-type.application";
		};
/* End PBXNativeTarget section */

/* Begin PBXProject section */
		67E8DEA02380516C00B245DC /* Project object */ = {
			isa = PBXProject;
			attributes = {
				LastSwiftUpdateCheck = 1120;
				LastUpgradeCheck = 1120;
				ORGANIZATIONNAME = "Afapps+";
				TargetAttributes = {
					67E8DEA72380516C00B245DC = {
						CreatedOnToolsVersion = 11.2.1;
					};
				};
			};
			buildConfigurationList = 67E8DEA32380516C00B245DC /* Build configuration list for PBXProject "SwiftUITextFieldApp" */;
			compatibilityVersion = "Xcode 9.3";
			developmentRegion = en;
			hasScannedForEncodings = 0;
			knownRegions = (
				en,
				Base,
			);
			mainGroup = 67E8DE9F2380516C00B245DC;
			productRefGroup = 67E8DEA92380516C00B245DC /* Products */;
			projectDirPath = "";
			projectRoot = "";
			targets = (
				67E8DEA72380516C00B245DC /* SwiftUITextFieldApp */,
			);
		};
/* End PBXProject section */

/* Begin PBXResourcesBuildPhase section */
		67E8DEA62380516C00B245DC /* Resources */ = {
			isa = PBXResourcesBuildPhase;
			buildActionMask = 2147483647;
			files = (
				67E8DEB82380516D00B245DC /* LaunchScreen.storyboard in Resources */,
				67E8DEB52380516D00B245DC /* Preview Assets.xcassets in Resources */,
				67E8DEB22380516D00B245DC /* Assets.xcassets in Resources */,
			);
			runOnlyForDeploymentPostprocessing = 0;
		};
/* End PBXResourcesBuildPhase section */

/* Begin PBXSourcesBuildPhase section */
		67E8DEA42380516C00B245DC /* Sources */ = {
			isa = PBXSourcesBuildPhase;
			buildActionMask = 2147483647;
			files = (
				6781A952238077B30062B930 /* SwiftUISearchBar.swift in Sources */,
				67E8DEAC2380516C00B245DC /* AppDelegate.swift in Sources */,
				67E8DEC1238051A300B245DC /* SwiftUITextField_.swift in Sources */,
				67E8DEC3238051BC00B245DC /* ContentView.swift in Sources */,
				67E8DEAE2380516C00B245DC /* SceneDelegate.swift in Sources */,
			);
			runOnlyForDeploymentPostprocessing = 0;
		};
/* End PBXSourcesBuildPhase section */

/* Begin PBXVariantGroup section */
		67E8DEB62380516D00B245DC /* LaunchScreen.storyboard */ = {
			isa = PBXVariantGroup;
			children = (
				67E8DEB72380516D00B245DC /* Base */,
			);
			name = LaunchScreen.storyboard;
			sourceTree = "<group>";
		};
/* End PBXVariantGroup section */

/* Begin XCBuildConfiguration section */
		67E8DEBA2380516D00B245DC /* Debug */ = {
			isa = XCBuildConfiguration;
			buildSettings = {
				ALWAYS_SEARCH_USER_PATHS = NO;
				CLANG_ANALYZER_NONNULL = YES;
				CLANG_ANALYZER_NUMBER_OBJECT_CONVERSION = YES_AGGRESSIVE;
				CLANG_CXX_LANGUAGE_STANDARD = "gnu++14";
				CLANG_CXX_LIBRARY = "libc++";
				CLANG_ENABLE_MODULES = YES;
				CLANG_ENABLE_OBJC_ARC = YES;
				CLANG_ENABLE_OBJC_WEAK = YES;
				CLANG_WARN_BLOCK_CAPTURE_AUTORELEASING = YES;
				CLANG_WARN_BOOL_CONVERSION = YES;
				CLANG_WARN_COMMA = YES;
				CLANG_WARN_CONSTANT_CONVERSION = YES;
				CLANG_WARN_DEPRECATED_OBJC_IMPLEMENTATIONS = YES;
				CLANG_WARN_DIRECT_OBJC_ISA_USAGE = YES_ERROR;
				CLANG_WARN_DOCUMENTATION_COMMENTS = YES;
				CLANG_WARN_EMPTY_BODY = YES;
				CLANG_WARN_ENUM_CONVERSION = YES;
				CLANG_WARN_INFINITE_RECURSION = YES;
				CLANG_WARN_INT_CONVERSION = YES;
				CLANG_WARN_NON_LITERAL_NULL_CONVERSION = YES;
				CLANG_WARN_OBJC_IMPLICIT_RETAIN_SELF = YES;
				CLANG_WARN_OBJC_LITERAL_CONVERSION = YES;
				CLANG_WARN_OBJC_ROOT_CLASS = YES_ERROR;
				CLANG_WARN_RANGE_LOOP_ANALYSIS = YES;
				CLANG_WARN_STRICT_PROTOTYPES = YES;
				CLANG_WARN_SUSPICIOUS_MOVE = YES;
				CLANG_WARN_UNGUARDED_AVAILABILITY = YES_AGGRESSIVE;
				CLANG_WARN_UNREACHABLE_CODE = YES;
				CLANG_WARN__DUPLICATE_METHOD_MATCH = YES;
				COPY_PHASE_STRIP = NO;
				DEBUG_INFORMATION_FORMAT = dwarf;
				ENABLE_STRICT_OBJC_MSGSEND = YES;
				ENABLE_TESTABILITY = YES;
				GCC_C_LANGUAGE_STANDARD = gnu11;
				GCC_DYNAMIC_NO_PIC = NO;
				GCC_NO_COMMON_BLOCKS = YES;
				GCC_OPTIMIZATION_LEVEL = 0;
				GCC_PREPROCESSOR_DEFINITIONS = (
					"DEBUG=1",
					"$(inherited)",
				);
				GCC_WARN_64_TO_32_BIT_CONVERSION = YES;
				GCC_WARN_ABOUT_RETURN_TYPE = YES_ERROR;
				GCC_WARN_UNDECLARED_SELECTOR = YES;
				GCC_WARN_UNINITIALIZED_AUTOS = YES_AGGRESSIVE;
				GCC_WARN_UNUSED_FUNCTION = YES;
				GCC_WARN_UNUSED_VARIABLE = YES;
				IPHONEOS_DEPLOYMENT_TARGET = 13.2;
				MTL_ENABLE_DEBUG_INFO = INCLUDE_SOURCE;
				MTL_FAST_MATH = YES;
				ONLY_ACTIVE_ARCH = YES;
				SDKROOT = iphoneos;
				SWIFT_ACTIVE_COMPILATION_CONDITIONS = DEBUG;
				SWIFT_OPTIMIZATION_LEVEL = "-Onone";
			};
			name = Debug;
		};
		67E8DEBB2380516D00B245DC /* Release */ = {
			isa = XCBuildConfiguration;
			buildSettings = {
				ALWAYS_SEARCH_USER_PATHS = NO;
				CLANG_ANALYZER_NONNULL = YES;
				CLANG_ANALYZER_NUMBER_OBJECT_CONVERSION = YES_AGGRESSIVE;
				CLANG_CXX_LANGUAGE_STANDARD = "gnu++14";
				CLANG_CXX_LIBRARY = "libc++";
				CLANG_ENABLE_MODULES = YES;
				CLANG_ENABLE_OBJC_ARC = YES;
				CLANG_ENABLE_OBJC_WEAK = YES;
				CLANG_WARN_BLOCK_CAPTURE_AUTORELEASING = YES;
				CLANG_WARN_BOOL_CONVERSION = YES;
				CLANG_WARN_COMMA = YES;
				CLANG_WARN_CONSTANT_CONVERSION = YES;
				CLANG_WARN_DEPRECATED_OBJC_IMPLEMENTATIONS = YES;
				CLANG_WARN_DIRECT_OBJC_ISA_USAGE = YES_ERROR;
				CLANG_WARN_DOCUMENTATION_COMMENTS = YES;
				CLANG_WARN_EMPTY_BODY = YES;
				CLANG_WARN_ENUM_CONVERSION = YES;
				CLANG_WARN_INFINITE_RECURSION = YES;
				CLANG_WARN_INT_CONVERSION = YES;
				CLANG_WARN_NON_LITERAL_NULL_CONVERSION = YES;
				CLANG_WARN_OBJC_IMPLICIT_RETAIN_SELF = YES;
				CLANG_WARN_OBJC_LITERAL_CONVERSION = YES;
				CLANG_WARN_OBJC_ROOT_CLASS = YES_ERROR;
				CLANG_WARN_RANGE_LOOP_ANALYSIS = YES;
				CLANG_WARN_STRICT_PROTOTYPES = YES;
				CLANG_WARN_SUSPICIOUS_MOVE = YES;
				CLANG_WARN_UNGUARDED_AVAILABILITY = YES_AGGRESSIVE;
				CLANG_WARN_UNREACHABLE_CODE = YES;
				CLANG_WARN__DUPLICATE_METHOD_MATCH = YES;
				COPY_PHASE_STRIP = NO;
				DEBUG_INFORMATION_FORMAT = "dwarf-with-dsym";
				ENABLE_NS_ASSERTIONS = NO;
				ENABLE_STRICT_OBJC_MSGSEND = YES;
				GCC_C_LANGUAGE_STANDARD = gnu11;
				GCC_NO_COMMON_BLOCKS = YES;
				GCC_WARN_64_TO_32_BIT_CONVERSION = YES;
				GCC_WARN_ABOUT_RETURN_TYPE = YES_ERROR;
				GCC_WARN_UNDECLARED_SELECTOR = YES;
				GCC_WARN_UNINITIALIZED_AUTOS = YES_AGGRESSIVE;
				GCC_WARN_UNUSED_FUNCTION = YES;
				GCC_WARN_UNUSED_VARIABLE = YES;
				IPHONEOS_DEPLOYMENT_TARGET = 13.2;
				MTL_ENABLE_DEBUG_INFO = NO;
				MTL_FAST_MATH = YES;
				SDKROOT = iphoneos;
				SWIFT_COMPILATION_MODE = wholemodule;
				SWIFT_OPTIMIZATION_LEVEL = "-O";
				VALIDATE_PRODUCT = YES;
			};
			name = Release;
		};
		67E8DEBD2380516D00B245DC /* Debug */ = {
			isa = XCBuildConfiguration;
			buildSettings = {
				ASSETCATALOG_COMPILER_APPICON_NAME = AppIcon;
				CODE_SIGN_STYLE = Automatic;
				DEVELOPMENT_ASSET_PATHS = "\"SwiftUITextFieldApp/Preview Content\"";
				DEVELOPMENT_TEAM = Q429UJSL7U;
				ENABLE_PREVIEWS = YES;
				INFOPLIST_FILE = SwiftUITextFieldApp/Info.plist;
				IPHONEOS_DEPLOYMENT_TARGET = 13.1;
				LD_RUNPATH_SEARCH_PATHS = (
					"$(inherited)",
					"@executable_path/Frameworks",
				);
				PRODUCT_BUNDLE_IDENTIFIER = "com.plus-afapps.SwiftUITextFieldApp";
				PRODUCT_NAME = "$(TARGET_NAME)";
				SWIFT_VERSION = 5.0;
				TARGETED_DEVICE_FAMILY = "1,2";
			};
			name = Debug;
		};
		67E8DEBE2380516D00B245DC /* Release */ = {
			isa = XCBuildConfiguration;
			buildSettings = {
				ASSETCATALOG_COMPILER_APPICON_NAME = AppIcon;
				CODE_SIGN_STYLE = Automatic;
				DEVELOPMENT_ASSET_PATHS = "\"SwiftUITextFieldApp/Preview Content\"";
				DEVELOPMENT_TEAM = Q429UJSL7U;
				ENABLE_PREVIEWS = YES;
				INFOPLIST_FILE = SwiftUITextFieldApp/Info.plist;
				IPHONEOS_DEPLOYMENT_TARGET = 13.1;
				LD_RUNPATH_SEARCH_PATHS = (
					"$(inherited)",
					"@executable_path/Frameworks",
				);
				PRODUCT_BUNDLE_IDENTIFIER = "com.plus-afapps.SwiftUITextFieldApp";
				PRODUCT_NAME = "$(TARGET_NAME)";
				SWIFT_VERSION = 5.0;
				TARGETED_DEVICE_FAMILY = "1,2";
			};
			name = Release;
		};
/* End XCBuildConfiguration section */

/* Begin XCConfigurationList section */
		67E8DEA32380516C00B245DC /* Build configuration list for PBXProject "SwiftUITextFieldApp" */ = {
			isa = XCConfigurationList;
			buildConfigurations = (
				67E8DEBA2380516D00B245DC /* Debug */,
				67E8DEBB2380516D00B245DC /* Release */,
			);
			defaultConfigurationIsVisible = 0;
			defaultConfigurationName = Release;
		};
		67E8DEBC2380516D00B245DC /* Build configuration list for PBXNativeTarget "SwiftUITextFieldApp" */ = {
			isa = XCConfigurationList;
			buildConfigurations = (
				67E8DEBD2380516D00B245DC /* Debug */,
				67E8DEBE2380516D00B245DC /* Release */,
			);
			defaultConfigurationIsVisible = 0;
			defaultConfigurationName = Release;
		};
/* End XCConfigurationList section */
	};
	rootObject = 67E8DEA02380516C00B245DC /* Project object */;
}
